
Microsoft Visual Studio Solution File, Format Version 12.00
# Visual Studio 15
VisualStudioVersion = 15.0.28307.102
MinimumVisualStudioVersion = 10.0.40219.1
Project("{FAE04EC0-301F-11D3-BF4B-00C04F79EFBC}") = "WineQuality", "WineQuality.csproj", "{440DC8F6-B08E-431E-BD60-2B9751507B9B}"
EndProject
Project("{FAE04EC0-301F-11D3-BF4B-00C04F79EFBC}") = "Evolutionary", "..\..\Engine\Evolutionary.csproj", "{35FCC8F1-EB99-4415-8D66-6A9C17171D1A}"
EndProject
Global
	GlobalSection(SolutionConfigurationPlatforms) = preSolution
		Debug|Any CPU = Debug|Any CPU
		Release|Any CPU = Release|Any CPU
	EndGlobalSection
	GlobalSection(ProjectConfigurationPlatforms) = postSolution
		{440DC8F6-B08E-431E-BD60-2B9751507B9B}.Debug|Any CPU.ActiveCfg = Debug|Any CPU
		{440DC8F6-B08E-431E-BD60-2B9751507B9B}.Debug|Any CPU.Build.0 = Debug|Any CPU
		{440DC8F6-B08E-431E-BD60-2B9751507B9B}.Release|Any CPU.ActiveCfg = Release|Any CPU
		{440DC8F6-B08E-431E-BD60-2B9751507B9B}.Release|Any CPU.Build.0 = Release|Any CPU
		{35FCC8F1-EB99-4415-8D66-6A9C17171D1A}.Debug|Any CPU.ActiveCfg = Debug|Any CPU
		{35FCC8F1-EB99-4415-8D66-6A9C17171D1A}.Debug|Any CPU.Build.0 = Debug|Any CPU
		{35FCC8F1-EB99-4415-8D66-6A9C17171D1A}.Release|Any CPU.ActiveCfg = Release|Any CPU
		{35FCC8F1-EB99-4415-8D66-6A9C17171D1A}.Release|Any CPU.Build.0 = Release|Any CPU
	EndGlobalSection
	GlobalSection(SolutionProperties) = preSolution
		HideSolutionNode = FALSE
	EndGlobalSection
	GlobalSection(ExtensibilityGlobals) = postSolution
		SolutionGuid = {ED4B2822-7ADD-4985-B901-E5F49046C831}
	EndGlobalSection
EndGlobal
